PODS:
  - Alamofire (4.7.0)
  - Nimble (7.0.3)
  - ObjectMapper (3.1.0)
  - Quick (1.2.0)
  - ReachabilitySwift (4.1.0)
  - ZMWebClient (0.1.0):
    - Alamofire (~> 4.7.0)
    - ObjectMapper (~> 3.1)
    - ReachabilitySwift (~> 4.1.0)

DEPENDENCIES:
  - Nimble (~> 7.0.2)
  - Quick (~> 1.2.0)
  - ZMWebClient (from `../`)

EXTERNAL SOURCES:
  ZMWebClient:
    :path: ../

SPEC CHECKSUMS:
  Alamofire: 907e0a98eb68cdb7f9d1f541a563d6ac5dc77b25
  Nimble: 7f5a9c447a33002645a071bddafbfb24ea70e0ac
  ObjectMapper: 20505058f54e5c3ca69e1d6de9897d152a5369a6
  Quick: 58d203b1c5e27fff7229c4c1ae445ad7069a7a08
  ReachabilitySwift: 6849231cd4e06559f3b9ef4a97a0a0f96d41e09f
  ZMWebClient: eee99bf684f28ad08dad44f1d4172434fc1ed454

PODFILE CHECKSUM: 2816ba8fb71318c055a4f2fc7823d43241e19e2e

COCOAPODS: 1.4.0
